
Microsoft Visual Studio Solution File, Format Version 12.00
# Visual Studio Version 17
VisualStudioVersion = 17.7.34221.43
MinimumVisualStudioVersion = 10.0.40219.1
Project("{FAE04EC0-301F-11D3-BF4B-00C04F79EFBC}") = "While Loop - Lab", "While Loop - Lab\While Loop - Lab.csproj", "{7656E07E-C2F4-4AD9-8419-C5DE76DEE183}"
EndProject
Global
	GlobalSection(SolutionConfigurationPlatforms) = preSolution
		Debug|Any CPU = Debug|Any CPU
		Release|Any CPU = Release|Any CPU
	EndGlobalSection
	GlobalSection(ProjectConfigurationPlatforms) = postSolution
		{7656E07E-C2F4-4AD9-8419-C5DE76DEE183}.Debug|Any CPU.ActiveCfg = Debug|Any CPU
		{7656E07E-C2F4-4AD9-8419-C5DE76DEE183}.Debug|Any CPU.Build.0 = Debug|Any CPU
		{7656E07E-C2F4-4AD9-8419-C5DE76DEE183}.Release|Any CPU.ActiveCfg = Release|Any CPU
		{7656E07E-C2F4-4AD9-8419-C5DE76DEE183}.Release|Any CPU.Build.0 = Release|Any CPU
	EndGlobalSection
	GlobalSection(SolutionProperties) = preSolution
		HideSolutionNode = FALSE
	EndGlobalSection
	GlobalSection(ExtensibilityGlobals) = postSolution
		SolutionGuid = {6735637F-DB21-4671-967C-346BF5E824BA}
	EndGlobalSection
EndGlobal
