
Microsoft Visual Studio Solution File, Format Version 12.00
# Visual Studio Version 17
VisualStudioVersion = 17.9.34607.119
MinimumVisualStudioVersion = 10.0.40219.1
Project("{FAE04EC0-301F-11D3-BF4B-00C04F79EFBC}") = "01. Match Full Name", "01. Match Full Name\01. Match Full Name.csproj", "{D3DAE040-B6E3-4751-9CD6-9CDA091ADBE0}"
EndProject
Project("{FAE04EC0-301F-11D3-BF4B-00C04F79EFBC}") = "02. Match Phone Number", "02. Match Phone Number\02. Match Phone Number.csproj", "{9AB0432B-B78A-4163-8342-D2B6D641C106}"
EndProject
Project("{FAE04EC0-301F-11D3-BF4B-00C04F79EFBC}") = "03. Match Dates", "03. Match Dates\03. Match Dates.csproj", "{65C1644A-D2A7-4D5A-B7BF-EE12EC3A30F5}"
EndProject
Global
	GlobalSection(SolutionConfigurationPlatforms) = preSolution
		Debug|Any CPU = Debug|Any CPU
		Release|Any CPU = Release|Any CPU
	EndGlobalSection
	GlobalSection(ProjectConfigurationPlatforms) = postSolution
		{D3DAE040-B6E3-4751-9CD6-9CDA091ADBE0}.Debug|Any CPU.ActiveCfg = Debug|Any CPU
		{D3DAE040-B6E3-4751-9CD6-9CDA091ADBE0}.Debug|Any CPU.Build.0 = Debug|Any CPU
		{D3DAE040-B6E3-4751-9CD6-9CDA091ADBE0}.Release|Any CPU.ActiveCfg = Release|Any CPU
		{D3DAE040-B6E3-4751-9CD6-9CDA091ADBE0}.Release|Any CPU.Build.0 = Release|Any CPU
		{9AB0432B-B78A-4163-8342-D2B6D641C106}.Debug|Any CPU.ActiveCfg = Debug|Any CPU
		{9AB0432B-B78A-4163-8342-D2B6D641C106}.Debug|Any CPU.Build.0 = Debug|Any CPU
		{9AB0432B-B78A-4163-8342-D2B6D641C106}.Release|Any CPU.ActiveCfg = Release|Any CPU
		{9AB0432B-B78A-4163-8342-D2B6D641C106}.Release|Any CPU.Build.0 = Release|Any CPU
		{65C1644A-D2A7-4D5A-B7BF-EE12EC3A30F5}.Debug|Any CPU.ActiveCfg = Debug|Any CPU
		{65C1644A-D2A7-4D5A-B7BF-EE12EC3A30F5}.Debug|Any CPU.Build.0 = Debug|Any CPU
		{65C1644A-D2A7-4D5A-B7BF-EE12EC3A30F5}.Release|Any CPU.ActiveCfg = Release|Any CPU
		{65C1644A-D2A7-4D5A-B7BF-EE12EC3A30F5}.Release|Any CPU.Build.0 = Release|Any CPU
	EndGlobalSection
	GlobalSection(SolutionProperties) = preSolution
		HideSolutionNode = FALSE
	EndGlobalSection
	GlobalSection(ExtensibilityGlobals) = postSolution
		SolutionGuid = {148730E6-A6EA-4DA0-9762-3C9ED12FB3F9}
	EndGlobalSection
EndGlobal
