
Microsoft Visual Studio Solution File, Format Version 12.00
# Visual Studio Version 17
VisualStudioVersion = 17.8.34322.80
MinimumVisualStudioVersion = 10.0.40219.1
Project("{FAE04EC0-301F-11D3-BF4B-00C04F79EFBC}") = "01. Deposit Calculator", "01. Deposit Calculator\01. Deposit Calculator.csproj", "{4DFB9371-EA67-4536-9E15-332798A651D5}"
EndProject
Global
	GlobalSection(SolutionConfigurationPlatforms) = preSolution
		Debug|Any CPU = Debug|Any CPU
		Release|Any CPU = Release|Any CPU
	EndGlobalSection
	GlobalSection(ProjectConfigurationPlatforms) = postSolution
		{4DFB9371-EA67-4536-9E15-332798A651D5}.Debug|Any CPU.ActiveCfg = Debug|Any CPU
		{4DFB9371-EA67-4536-9E15-332798A651D5}.Debug|Any CPU.Build.0 = Debug|Any CPU
		{4DFB9371-EA67-4536-9E15-332798A651D5}.Release|Any CPU.ActiveCfg = Release|Any CPU
		{4DFB9371-EA67-4536-9E15-332798A651D5}.Release|Any CPU.Build.0 = Release|Any CPU
	EndGlobalSection
	GlobalSection(SolutionProperties) = preSolution
		HideSolutionNode = FALSE
	EndGlobalSection
	GlobalSection(ExtensibilityGlobals) = postSolution
		SolutionGuid = {C2CD7F21-9BB3-4ADE-8719-6F052C8F9E73}
	EndGlobalSection
EndGlobal
