
Microsoft Visual Studio Solution File, Format Version 12.00
# Visual Studio Version 17
VisualStudioVersion = 17.8.34322.80
MinimumVisualStudioVersion = 10.0.40219.1
Project("{FAE04EC0-301F-11D3-BF4B-00C04F79EFBC}") = "01. Numbers 1 to 100", "01. Numbers 1 to 100\01. Numbers 1 to 100.csproj", "{A7A26A92-41D1-4343-884E-C7847F774D4B}"
EndProject
Project("{FAE04EC0-301F-11D3-BF4B-00C04F79EFBC}") = "02. Decreasing Numbers", "02. Decreasing Numbers\02. Decreasing Numbers.csproj", "{6A251ACA-754A-44DA-B13A-844DA9A0B329}"
EndProject
Project("{FAE04EC0-301F-11D3-BF4B-00C04F79EFBC}") = "03. Odd Number", "03. Odd Number\03. Odd Number.csproj", "{58F2493F-9350-453A-BE4A-598B4ED2715E}"
EndProject
Project("{FAE04EC0-301F-11D3-BF4B-00C04F79EFBC}") = "04. Sequence 2k + 1", "04. Sequence 2k + 1\04. Sequence 2k + 1.csproj", "{A4F9E791-DF34-499C-8F7E-AD3A7CFE9ADE}"
EndProject
Project("{FAE04EC0-301F-11D3-BF4B-00C04F79EFBC}") = "05. Sum Digits", "05. Sum Digits\05. Sum Digits.csproj", "{EE8E20BD-BA26-4810-9F10-C5A2252ADCAC}"
EndProject
Project("{FAE04EC0-301F-11D3-BF4B-00C04F79EFBC}") = "06. Number in Range", "06. Number in Range\06. Number in Range.csproj", "{1BF4775B-DEDD-44FF-85F5-50799163D39A}"
EndProject
Project("{FAE04EC0-301F-11D3-BF4B-00C04F79EFBC}") = "07. Number Processor", "07. Number Processor\07. Number Processor.csproj", "{5E111D29-F015-4CF0-824E-673F3B5CB9BB}"
EndProject
Global
	GlobalSection(SolutionConfigurationPlatforms) = preSolution
		Debug|Any CPU = Debug|Any CPU
		Release|Any CPU = Release|Any CPU
	EndGlobalSection
	GlobalSection(ProjectConfigurationPlatforms) = postSolution
		{A7A26A92-41D1-4343-884E-C7847F774D4B}.Debug|Any CPU.ActiveCfg = Debug|Any CPU
		{A7A26A92-41D1-4343-884E-C7847F774D4B}.Debug|Any CPU.Build.0 = Debug|Any CPU
		{A7A26A92-41D1-4343-884E-C7847F774D4B}.Release|Any CPU.ActiveCfg = Release|Any CPU
		{A7A26A92-41D1-4343-884E-C7847F774D4B}.Release|Any CPU.Build.0 = Release|Any CPU
		{6A251ACA-754A-44DA-B13A-844DA9A0B329}.Debug|Any CPU.ActiveCfg = Debug|Any CPU
		{6A251ACA-754A-44DA-B13A-844DA9A0B329}.Debug|Any CPU.Build.0 = Debug|Any CPU
		{6A251ACA-754A-44DA-B13A-844DA9A0B329}.Release|Any CPU.ActiveCfg = Release|Any CPU
		{6A251ACA-754A-44DA-B13A-844DA9A0B329}.Release|Any CPU.Build.0 = Release|Any CPU
		{58F2493F-9350-453A-BE4A-598B4ED2715E}.Debug|Any CPU.ActiveCfg = Debug|Any CPU
		{58F2493F-9350-453A-BE4A-598B4ED2715E}.Debug|Any CPU.Build.0 = Debug|Any CPU
		{58F2493F-9350-453A-BE4A-598B4ED2715E}.Release|Any CPU.ActiveCfg = Release|Any CPU
		{58F2493F-9350-453A-BE4A-598B4ED2715E}.Release|Any CPU.Build.0 = Release|Any CPU
		{A4F9E791-DF34-499C-8F7E-AD3A7CFE9ADE}.Debug|Any CPU.ActiveCfg = Debug|Any CPU
		{A4F9E791-DF34-499C-8F7E-AD3A7CFE9ADE}.Debug|Any CPU.Build.0 = Debug|Any CPU
		{A4F9E791-DF34-499C-8F7E-AD3A7CFE9ADE}.Release|Any CPU.ActiveCfg = Release|Any CPU
		{A4F9E791-DF34-499C-8F7E-AD3A7CFE9ADE}.Release|Any CPU.Build.0 = Release|Any CPU
		{EE8E20BD-BA26-4810-9F10-C5A2252ADCAC}.Debug|Any CPU.ActiveCfg = Debug|Any CPU
		{EE8E20BD-BA26-4810-9F10-C5A2252ADCAC}.Debug|Any CPU.Build.0 = Debug|Any CPU
		{EE8E20BD-BA26-4810-9F10-C5A2252ADCAC}.Release|Any CPU.ActiveCfg = Release|Any CPU
		{EE8E20BD-BA26-4810-9F10-C5A2252ADCAC}.Release|Any CPU.Build.0 = Release|Any CPU
		{1BF4775B-DEDD-44FF-85F5-50799163D39A}.Debug|Any CPU.ActiveCfg = Debug|Any CPU
		{1BF4775B-DEDD-44FF-85F5-50799163D39A}.Debug|Any CPU.Build.0 = Debug|Any CPU
		{1BF4775B-DEDD-44FF-85F5-50799163D39A}.Release|Any CPU.ActiveCfg = Release|Any CPU
		{1BF4775B-DEDD-44FF-85F5-50799163D39A}.Release|Any CPU.Build.0 = Release|Any CPU
		{5E111D29-F015-4CF0-824E-673F3B5CB9BB}.Debug|Any CPU.ActiveCfg = Debug|Any CPU
		{5E111D29-F015-4CF0-824E-673F3B5CB9BB}.Debug|Any CPU.Build.0 = Debug|Any CPU
		{5E111D29-F015-4CF0-824E-673F3B5CB9BB}.Release|Any CPU.ActiveCfg = Release|Any CPU
		{5E111D29-F015-4CF0-824E-673F3B5CB9BB}.Release|Any CPU.Build.0 = Release|Any CPU
	EndGlobalSection
	GlobalSection(SolutionProperties) = preSolution
		HideSolutionNode = FALSE
	EndGlobalSection
	GlobalSection(ExtensibilityGlobals) = postSolution
		SolutionGuid = {1C5B9DA8-1261-4547-9EC8-90F172BB1892}
	EndGlobalSection
EndGlobal
