
Microsoft Visual Studio Solution File, Format Version 12.00
# Visual Studio Version 17
VisualStudioVersion = 17.8.34322.80
MinimumVisualStudioVersion = 10.0.40219.1
Project("{FAE04EC0-301F-11D3-BF4B-00C04F79EFBC}") = "01. Hello SoftUni", "01. Hello SoftUni\01. Hello SoftUni.csproj", "{192871DB-E7F3-4366-85D3-5FF7147E1F3A}"
EndProject
Global
	GlobalSection(SolutionConfigurationPlatforms) = preSolution
		Debug|Any CPU = Debug|Any CPU
		Release|Any CPU = Release|Any CPU
	EndGlobalSection
	GlobalSection(ProjectConfigurationPlatforms) = postSolution
		{192871DB-E7F3-4366-85D3-5FF7147E1F3A}.Debug|Any CPU.ActiveCfg = Debug|Any CPU
		{192871DB-E7F3-4366-85D3-5FF7147E1F3A}.Debug|Any CPU.Build.0 = Debug|Any CPU
		{192871DB-E7F3-4366-85D3-5FF7147E1F3A}.Release|Any CPU.ActiveCfg = Release|Any CPU
		{192871DB-E7F3-4366-85D3-5FF7147E1F3A}.Release|Any CPU.Build.0 = Release|Any CPU
	EndGlobalSection
	GlobalSection(SolutionProperties) = preSolution
		HideSolutionNode = FALSE
	EndGlobalSection
	GlobalSection(ExtensibilityGlobals) = postSolution
		SolutionGuid = {D9CC68E6-2F53-447E-9793-92A1AC70E1FA}
	EndGlobalSection
EndGlobal
