
Microsoft Visual Studio Solution File, Format Version 12.00
# Visual Studio Version 17
VisualStudioVersion = 17.8.34322.80
MinimumVisualStudioVersion = 10.0.40219.1
Project("{9A19103F-16F7-4668-BE54-9A1E7A4F7556}") = "01. Number Type", "01. Number Type\01. Number Type.csproj", "{BACFE742-48FB-4DA2-B72F-0750699843F7}"
EndProject
Project("{FAE04EC0-301F-11D3-BF4B-00C04F79EFBC}") = "02. ATM", "02. ATM\02. ATM.csproj", "{1EE87AE2-EE1C-4DA2-B232-3F0E89F2B840}"
EndProject
Project("{FAE04EC0-301F-11D3-BF4B-00C04F79EFBC}") = "03. Biggest of Five Numbers", "03. Biggest of Five Numbers\03. Biggest of Five Numbers.csproj", "{E870ACEC-8AAB-4762-9C6C-121EDCB07D4B}"
EndProject
Project("{FAE04EC0-301F-11D3-BF4B-00C04F79EFBC}") = "04. Number Operations", "04. Number Operations\04. Number Operations.csproj", "{A23749CE-B960-4B5A-A564-2D4D527C44EB}"
EndProject
Project("{FAE04EC0-301F-11D3-BF4B-00C04F79EFBC}") = "05. Vacation Expenses", "05. Vacation Expenses\05. Vacation Expenses.csproj", "{A4972C62-2F3E-4593-9D4A-9212E152D3BB}"
EndProject
Project("{FAE04EC0-301F-11D3-BF4B-00C04F79EFBC}") = "06. Product of Three Numbers", "06. Product of Three Numbers\06. Product of Three Numbers.csproj", "{28C4346F-B199-49E9-B47D-45E2023E577E}"
EndProject
Project("{FAE04EC0-301F-11D3-BF4B-00C04F79EFBC}") = "07. Working Hours", "07. Working Hours\07. Working Hours.csproj", "{112C847D-F531-4445-96A0-B9F8F77842F1}"
EndProject
Project("{FAE04EC0-301F-11D3-BF4B-00C04F79EFBC}") = "08. Fruit or Vegetable", "08. Fruit or Vegetable\08. Fruit or Vegetable.csproj", "{73DD5062-938D-4D59-9490-B3DB49001A03}"
EndProject
Project("{FAE04EC0-301F-11D3-BF4B-00C04F79EFBC}") = "09. Sum Seconds", "09. Sum Seconds\09. Sum Seconds.csproj", "{573ACD8D-17CC-4D09-98B4-847E71CB2D8E}"
EndProject
Project("{FAE04EC0-301F-11D3-BF4B-00C04F79EFBC}") = "10. Summer Outfit", "10. Summer Outfit\10. Summer Outfit.csproj", "{FB21F3ED-A7D0-4209-889D-34449E68EBEF}"
EndProject
Global
	GlobalSection(SolutionConfigurationPlatforms) = preSolution
		Debug|Any CPU = Debug|Any CPU
		Release|Any CPU = Release|Any CPU
	EndGlobalSection
	GlobalSection(ProjectConfigurationPlatforms) = postSolution
		{BACFE742-48FB-4DA2-B72F-0750699843F7}.Debug|Any CPU.ActiveCfg = Debug|Any CPU
		{BACFE742-48FB-4DA2-B72F-0750699843F7}.Debug|Any CPU.Build.0 = Debug|Any CPU
		{BACFE742-48FB-4DA2-B72F-0750699843F7}.Release|Any CPU.ActiveCfg = Release|Any CPU
		{BACFE742-48FB-4DA2-B72F-0750699843F7}.Release|Any CPU.Build.0 = Release|Any CPU
		{1EE87AE2-EE1C-4DA2-B232-3F0E89F2B840}.Debug|Any CPU.ActiveCfg = Debug|Any CPU
		{1EE87AE2-EE1C-4DA2-B232-3F0E89F2B840}.Debug|Any CPU.Build.0 = Debug|Any CPU
		{1EE87AE2-EE1C-4DA2-B232-3F0E89F2B840}.Release|Any CPU.ActiveCfg = Release|Any CPU
		{1EE87AE2-EE1C-4DA2-B232-3F0E89F2B840}.Release|Any CPU.Build.0 = Release|Any CPU
		{E870ACEC-8AAB-4762-9C6C-121EDCB07D4B}.Debug|Any CPU.ActiveCfg = Debug|Any CPU
		{E870ACEC-8AAB-4762-9C6C-121EDCB07D4B}.Debug|Any CPU.Build.0 = Debug|Any CPU
		{E870ACEC-8AAB-4762-9C6C-121EDCB07D4B}.Release|Any CPU.ActiveCfg = Release|Any CPU
		{E870ACEC-8AAB-4762-9C6C-121EDCB07D4B}.Release|Any CPU.Build.0 = Release|Any CPU
		{A23749CE-B960-4B5A-A564-2D4D527C44EB}.Debug|Any CPU.ActiveCfg = Debug|Any CPU
		{A23749CE-B960-4B5A-A564-2D4D527C44EB}.Debug|Any CPU.Build.0 = Debug|Any CPU
		{A23749CE-B960-4B5A-A564-2D4D527C44EB}.Release|Any CPU.ActiveCfg = Release|Any CPU
		{A23749CE-B960-4B5A-A564-2D4D527C44EB}.Release|Any CPU.Build.0 = Release|Any CPU
		{A4972C62-2F3E-4593-9D4A-9212E152D3BB}.Debug|Any CPU.ActiveCfg = Debug|Any CPU
		{A4972C62-2F3E-4593-9D4A-9212E152D3BB}.Debug|Any CPU.Build.0 = Debug|Any CPU
		{A4972C62-2F3E-4593-9D4A-9212E152D3BB}.Release|Any CPU.ActiveCfg = Release|Any CPU
		{A4972C62-2F3E-4593-9D4A-9212E152D3BB}.Release|Any CPU.Build.0 = Release|Any CPU
		{28C4346F-B199-49E9-B47D-45E2023E577E}.Debug|Any CPU.ActiveCfg = Debug|Any CPU
		{28C4346F-B199-49E9-B47D-45E2023E577E}.Debug|Any CPU.Build.0 = Debug|Any CPU
		{28C4346F-B199-49E9-B47D-45E2023E577E}.Release|Any CPU.ActiveCfg = Release|Any CPU
		{28C4346F-B199-49E9-B47D-45E2023E577E}.Release|Any CPU.Build.0 = Release|Any CPU
		{112C847D-F531-4445-96A0-B9F8F77842F1}.Debug|Any CPU.ActiveCfg = Debug|Any CPU
		{112C847D-F531-4445-96A0-B9F8F77842F1}.Debug|Any CPU.Build.0 = Debug|Any CPU
		{112C847D-F531-4445-96A0-B9F8F77842F1}.Release|Any CPU.ActiveCfg = Release|Any CPU
		{112C847D-F531-4445-96A0-B9F8F77842F1}.Release|Any CPU.Build.0 = Release|Any CPU
		{73DD5062-938D-4D59-9490-B3DB49001A03}.Debug|Any CPU.ActiveCfg = Debug|Any CPU
		{73DD5062-938D-4D59-9490-B3DB49001A03}.Debug|Any CPU.Build.0 = Debug|Any CPU
		{73DD5062-938D-4D59-9490-B3DB49001A03}.Release|Any CPU.ActiveCfg = Release|Any CPU
		{73DD5062-938D-4D59-9490-B3DB49001A03}.Release|Any CPU.Build.0 = Release|Any CPU
		{573ACD8D-17CC-4D09-98B4-847E71CB2D8E}.Debug|Any CPU.ActiveCfg = Debug|Any CPU
		{573ACD8D-17CC-4D09-98B4-847E71CB2D8E}.Debug|Any CPU.Build.0 = Debug|Any CPU
		{573ACD8D-17CC-4D09-98B4-847E71CB2D8E}.Release|Any CPU.ActiveCfg = Release|Any CPU
		{573ACD8D-17CC-4D09-98B4-847E71CB2D8E}.Release|Any CPU.Build.0 = Release|Any CPU
		{FB21F3ED-A7D0-4209-889D-34449E68EBEF}.Debug|Any CPU.ActiveCfg = Debug|Any CPU
		{FB21F3ED-A7D0-4209-889D-34449E68EBEF}.Debug|Any CPU.Build.0 = Debug|Any CPU
		{FB21F3ED-A7D0-4209-889D-34449E68EBEF}.Release|Any CPU.ActiveCfg = Release|Any CPU
		{FB21F3ED-A7D0-4209-889D-34449E68EBEF}.Release|Any CPU.Build.0 = Release|Any CPU
	EndGlobalSection
	GlobalSection(SolutionProperties) = preSolution
		HideSolutionNode = FALSE
	EndGlobalSection
	GlobalSection(ExtensibilityGlobals) = postSolution
		SolutionGuid = {E62AB84E-9411-4FCE-A8DD-944F3DB8607D}
	EndGlobalSection
EndGlobal
