
Microsoft Visual Studio Solution File, Format Version 12.00
# Visual Studio Version 17
VisualStudioVersion = 17.8.34525.116
MinimumVisualStudioVersion = 10.0.40219.1
Project("{9A19103F-16F7-4668-BE54-9A1E7A4F7556}") = "01. Change List", "01. Change List\01. Change List.csproj", "{3CD462E4-CECE-492D-9B3D-0205AC4C0DB0}"
EndProject
Project("{9A19103F-16F7-4668-BE54-9A1E7A4F7556}") = "02. List of Products", "02. List of Products\02. List of Products.csproj", "{1C8256AD-AE77-428F-AA08-9030EA966F82}"
EndProject
Project("{9A19103F-16F7-4668-BE54-9A1E7A4F7556}") = "03. Remove Negatives and Reverse", "03. Remove Negatives and Reverse\03. Remove Negatives and Reverse.csproj", "{0D325DFC-6B1C-4508-8881-E4B2D7C89398}"
EndProject
Project("{9A19103F-16F7-4668-BE54-9A1E7A4F7556}") = "04. List Manipulation Basics", "04. List Manipulation Basics\04. List Manipulation Basics.csproj", "{78D3A258-D1E8-4A65-A3ED-D2B8A694A722}"
EndProject
Project("{9A19103F-16F7-4668-BE54-9A1E7A4F7556}") = "05. List Manipulation Advanced", "05. List Manipulation Advanced\05. List Manipulation Advanced.csproj", "{CA379496-AEA2-4CA8-86D5-87AD237F578D}"
EndProject
Project("{FAE04EC0-301F-11D3-BF4B-00C04F79EFBC}") = "06.Lists excercise", "06.Lists excercise\06.Lists excercise.csproj", "{295BF013-5BF3-4328-A63C-CCE95D0BDD00}"
EndProject
Global
	GlobalSection(SolutionConfigurationPlatforms) = preSolution
		Debug|Any CPU = Debug|Any CPU
		Release|Any CPU = Release|Any CPU
	EndGlobalSection
	GlobalSection(ProjectConfigurationPlatforms) = postSolution
		{3CD462E4-CECE-492D-9B3D-0205AC4C0DB0}.Debug|Any CPU.ActiveCfg = Debug|Any CPU
		{3CD462E4-CECE-492D-9B3D-0205AC4C0DB0}.Debug|Any CPU.Build.0 = Debug|Any CPU
		{3CD462E4-CECE-492D-9B3D-0205AC4C0DB0}.Release|Any CPU.ActiveCfg = Release|Any CPU
		{3CD462E4-CECE-492D-9B3D-0205AC4C0DB0}.Release|Any CPU.Build.0 = Release|Any CPU
		{1C8256AD-AE77-428F-AA08-9030EA966F82}.Debug|Any CPU.ActiveCfg = Debug|Any CPU
		{1C8256AD-AE77-428F-AA08-9030EA966F82}.Debug|Any CPU.Build.0 = Debug|Any CPU
		{1C8256AD-AE77-428F-AA08-9030EA966F82}.Release|Any CPU.ActiveCfg = Release|Any CPU
		{1C8256AD-AE77-428F-AA08-9030EA966F82}.Release|Any CPU.Build.0 = Release|Any CPU
		{0D325DFC-6B1C-4508-8881-E4B2D7C89398}.Debug|Any CPU.ActiveCfg = Debug|Any CPU
		{0D325DFC-6B1C-4508-8881-E4B2D7C89398}.Debug|Any CPU.Build.0 = Debug|Any CPU
		{0D325DFC-6B1C-4508-8881-E4B2D7C89398}.Release|Any CPU.ActiveCfg = Release|Any CPU
		{0D325DFC-6B1C-4508-8881-E4B2D7C89398}.Release|Any CPU.Build.0 = Release|Any CPU
		{78D3A258-D1E8-4A65-A3ED-D2B8A694A722}.Debug|Any CPU.ActiveCfg = Debug|Any CPU
		{78D3A258-D1E8-4A65-A3ED-D2B8A694A722}.Debug|Any CPU.Build.0 = Debug|Any CPU
		{78D3A258-D1E8-4A65-A3ED-D2B8A694A722}.Release|Any CPU.ActiveCfg = Release|Any CPU
		{78D3A258-D1E8-4A65-A3ED-D2B8A694A722}.Release|Any CPU.Build.0 = Release|Any CPU
		{CA379496-AEA2-4CA8-86D5-87AD237F578D}.Debug|Any CPU.ActiveCfg = Debug|Any CPU
		{CA379496-AEA2-4CA8-86D5-87AD237F578D}.Debug|Any CPU.Build.0 = Debug|Any CPU
		{CA379496-AEA2-4CA8-86D5-87AD237F578D}.Release|Any CPU.ActiveCfg = Release|Any CPU
		{CA379496-AEA2-4CA8-86D5-87AD237F578D}.Release|Any CPU.Build.0 = Release|Any CPU
		{295BF013-5BF3-4328-A63C-CCE95D0BDD00}.Debug|Any CPU.ActiveCfg = Debug|Any CPU
		{295BF013-5BF3-4328-A63C-CCE95D0BDD00}.Debug|Any CPU.Build.0 = Debug|Any CPU
		{295BF013-5BF3-4328-A63C-CCE95D0BDD00}.Release|Any CPU.ActiveCfg = Release|Any CPU
		{295BF013-5BF3-4328-A63C-CCE95D0BDD00}.Release|Any CPU.Build.0 = Release|Any CPU
	EndGlobalSection
	GlobalSection(SolutionProperties) = preSolution
		HideSolutionNode = FALSE
	EndGlobalSection
	GlobalSection(ExtensibilityGlobals) = postSolution
		SolutionGuid = {52119BFD-7023-4301-ABB2-D0E5A10FAD82}
	EndGlobalSection
EndGlobal
